// !$*UTF8*$!
{
	archiveVersion = 1;
	classes = {
	};
	objectVersion = 50;
	objects = {

/* Begin PBXBuildFile section */
		FFB717F520C5BFBA00AD5645 /* AppDelegate.swift in Sources */ = {isa = PBXBuildFile; fileRef = FFB717F420C5BFBA00AD5645 /* AppDelegate.swift */; };
		FFB717FA20C5BFBA00AD5645 /* Main.storyboard in Resources */ = {isa = PBXBuildFile; fileRef = FFB717F820C5BFBA00AD5645 /* Main.storyboard */; };
		FFB717FC20C5BFBB00AD5645 /* Assets.xcassets in Resources */ = {isa = PBXBuildFile; fileRef = FFB717FB20C5BFBB00AD5645 /* Assets.xcassets */; };
		FFB717FF20C5BFBB00AD5645 /* LaunchScreen.storyboard in Resources */ = {isa = PBXBuildFile; fileRef = FFB717FD20C5BFBB00AD5645 /* LaunchScreen.storyboard */; };
		FFB7180720C5D1A700AD5645 /* MapViewController.swift in Sources */ = {isa = PBXBuildFile; fileRef = FFB7180620C5D1A700AD5645 /* MapViewController.swift */; };
		FFB7180920C5D1D500AD5645 /* RecycleViewController.swift in Sources */ = {isa = PBXBuildFile; fileRef = FFB7180820C5D1D500AD5645 /* RecycleViewController.swift */; };
		FFB7180B20C5D1E600AD5645 /* ShopViewController.swift in Sources */ = {isa = PBXBuildFile; fileRef = FFB7180A20C5D1E600AD5645 /* ShopViewController.swift */; };
		FFB7180D20C5D1FF00AD5645 /* ReuseViewController.swift in Sources */ = {isa = PBXBuildFile; fileRef = FFB7180C20C5D1FF00AD5645 /* ReuseViewController.swift */; };
		FFB7180F20C5D21300AD5645 /* ViewProjectViewController.swift in Sources */ = {isa = PBXBuildFile; fileRef = FFB7180E20C5D21300AD5645 /* ViewProjectViewController.swift */; };
		FFB7181120C5D22400AD5645 /* LoginViewController.swift in Sources */ = {isa = PBXBuildFile; fileRef = FFB7181020C5D22400AD5645 /* LoginViewController.swift */; };
		FFB7181320C5D23C00AD5645 /* SignUpViewController.swift in Sources */ = {isa = PBXBuildFile; fileRef = FFB7181220C5D23C00AD5645 /* SignUpViewController.swift */; };
		FFB7181520C5D25300AD5645 /* PostViewController.swift in Sources */ = {isa = PBXBuildFile; fileRef = FFB7181420C5D25300AD5645 /* PostViewController.swift */; };
		FFB7181A20C5D2DF00AD5645 /* HomeViewController.swift in Sources */ = {isa = PBXBuildFile; fileRef = FFB7181920C5D2DF00AD5645 /* HomeViewController.swift */; };
		FFB7181C20C5DBB000AD5645 /* UserAgreementViewController.swift in Sources */ = {isa = PBXBuildFile; fileRef = FFB7181B20C5DBB000AD5645 /* UserAgreementViewController.swift */; };
		FFB7182020C725E000AD5645 /* RecycleCenter.swift in Sources */ = {isa = PBXBuildFile; fileRef = FFB7181F20C725E000AD5645 /* RecycleCenter.swift */; };
		FFB7182220C73C0700AD5645 /* RecycleCenterMoCo.swift in Sources */ = {isa = PBXBuildFile; fileRef = FFB7182120C73C0700AD5645 /* RecycleCenterMoCo.swift */; };
/* End PBXBuildFile section */

/* Begin PBXFileReference section */
		FFB717F120C5BFB900AD5645 /* UpCycle.app */ = {isa = PBXFileReference; explicitFileType = wrapper.application; includeInIndex = 0; path = UpCycle.app; sourceTree = BUILT_PRODUCTS_DIR; };
		FFB717F420C5BFBA00AD5645 /* AppDelegate.swift */ = {isa = PBXFileReference; lastKnownFileType = sourcecode.swift; path = AppDelegate.swift; sourceTree = "<group>"; };
		FFB717F920C5BFBA00AD5645 /* Base */ = {isa = PBXFileReference; lastKnownFileType = file.storyboard; name = Base; path = Base.lproj/Main.storyboard; sourceTree = "<group>"; };
		FFB717FB20C5BFBB00AD5645 /* Assets.xcassets */ = {isa = PBXFileReference; lastKnownFileType = folder.assetcatalog; path = Assets.xcassets; sourceTree = "<group>"; };
		FFB717FE20C5BFBB00AD5645 /* Base */ = {isa = PBXFileReference; lastKnownFileType = file.storyboard; name = Base; path = Base.lproj/LaunchScreen.storyboard; sourceTree = "<group>"; };
		FFB7180020C5BFBB00AD5645 /* Info.plist */ = {isa = PBXFileReference; lastKnownFileType = text.plist.xml; path = Info.plist; sourceTree = "<group>"; };
		FFB7180620C5D1A700AD5645 /* MapViewController.swift */ = {isa = PBXFileReference; lastKnownFileType = sourcecode.swift; path = MapViewController.swift; sourceTree = "<group>"; };
		FFB7180820C5D1D500AD5645 /* RecycleViewController.swift */ = {isa = PBXFileReference; lastKnownFileType = sourcecode.swift; path = RecycleViewController.swift; sourceTree = "<group>"; };
		FFB7180A20C5D1E600AD5645 /* ShopViewController.swift */ = {isa = PBXFileReference; lastKnownFileType = sourcecode.swift; path = ShopViewController.swift; sourceTree = "<group>"; };
		FFB7180C20C5D1FF00AD5645 /* ReuseViewController.swift */ = {isa = PBXFileReference; lastKnownFileType = sourcecode.swift; path = ReuseViewController.swift; sourceTree = "<group>"; };
		FFB7180E20C5D21300AD5645 /* ViewProjectViewController.swift */ = {isa = PBXFileReference; lastKnownFileType = sourcecode.swift; path = ViewProjectViewController.swift; sourceTree = "<group>"; };
		FFB7181020C5D22400AD5645 /* LoginViewController.swift */ = {isa = PBXFileReference; lastKnownFileType = sourcecode.swift; path = LoginViewController.swift; sourceTree = "<group>"; };
		FFB7181220C5D23C00AD5645 /* SignUpViewController.swift */ = {isa = PBXFileReference; lastKnownFileType = sourcecode.swift; path = SignUpViewController.swift; sourceTree = "<group>"; };
		FFB7181420C5D25300AD5645 /* PostViewController.swift */ = {isa = PBXFileReference; lastKnownFileType = sourcecode.swift; path = PostViewController.swift; sourceTree = "<group>"; };
		FFB7181920C5D2DF00AD5645 /* HomeViewController.swift */ = {isa = PBXFileReference; lastKnownFileType = sourcecode.swift; path = HomeViewController.swift; sourceTree = "<group>"; };
		FFB7181B20C5DBB000AD5645 /* UserAgreementViewController.swift */ = {isa = PBXFileReference; lastKnownFileType = sourcecode.swift; path = UserAgreementViewController.swift; sourceTree = "<group>"; };
		FFB7181F20C725E000AD5645 /* RecycleCenter.swift */ = {isa = PBXFileReference; lastKnownFileType = sourcecode.swift; path = RecycleCenter.swift; sourceTree = "<group>"; };
		FFB7182120C73C0700AD5645 /* RecycleCenterMoCo.swift */ = {isa = PBXFileReference; lastKnownFileType = sourcecode.swift; path = RecycleCenterMoCo.swift; sourceTree = "<group>"; };
/* End PBXFileReference section */

/* Begin PBXFrameworksBuildPhase section */
		FFB717EE20C5BFB900AD5645 /* Frameworks */ = {
			isa = PBXFrameworksBuildPhase;
			buildActionMask = 2147483647;
			files = (
			);
			runOnlyForDeploymentPostprocessing = 0;
		};
/* End PBXFrameworksBuildPhase section */

/* Begin PBXGroup section */
		FFB717E820C5BFB900AD5645 = {
			isa = PBXGroup;
			children = (
				FFB717F320C5BFBA00AD5645 /* UpCycle */,
				FFB717F220C5BFB900AD5645 /* Products */,
			);
			sourceTree = "<group>";
		};
		FFB717F220C5BFB900AD5645 /* Products */ = {
			isa = PBXGroup;
			children = (
				FFB717F120C5BFB900AD5645 /* UpCycle.app */,
			);
			name = Products;
			sourceTree = "<group>";
		};
		FFB717F320C5BFBA00AD5645 /* UpCycle */ = {
			isa = PBXGroup;
			children = (
				FFB7181D20C6E77300AD5645 /* Model */,
				FFB7181E20C6E78100AD5645 /* Model Controller */,
				FFB7181820C5D2A800AD5645 /* Views */,
				FFB7181620C5D26E00AD5645 /* View Controllers */,
				FFB7181720C5D29700AD5645 /* Resources */,
			);
			path = UpCycle;
			sourceTree = "<group>";
		};
		FFB7181620C5D26E00AD5645 /* View Controllers */ = {
			isa = PBXGroup;
			children = (
				FFB7180620C5D1A700AD5645 /* MapViewController.swift */,
				FFB7180820C5D1D500AD5645 /* RecycleViewController.swift */,
				FFB7180A20C5D1E600AD5645 /* ShopViewController.swift */,
				FFB7180C20C5D1FF00AD5645 /* ReuseViewController.swift */,
				FFB7180E20C5D21300AD5645 /* ViewProjectViewController.swift */,
				FFB7181020C5D22400AD5645 /* LoginViewController.swift */,
				FFB7181220C5D23C00AD5645 /* SignUpViewController.swift */,
				FFB7181420C5D25300AD5645 /* PostViewController.swift */,
				FFB7181920C5D2DF00AD5645 /* HomeViewController.swift */,
				FFB7181B20C5DBB000AD5645 /* UserAgreementViewController.swift */,
			);
			path = "View Controllers";
			sourceTree = "<group>";
		};
		FFB7181720C5D29700AD5645 /* Resources */ = {
			isa = PBXGroup;
			children = (
				FFB717F420C5BFBA00AD5645 /* AppDelegate.swift */,
				FFB717FB20C5BFBB00AD5645 /* Assets.xcassets */,
				FFB717FD20C5BFBB00AD5645 /* LaunchScreen.storyboard */,
				FFB7180020C5BFBB00AD5645 /* Info.plist */,
			);
			path = Resources;
			sourceTree = "<group>";
		};
		FFB7181820C5D2A800AD5645 /* Views */ = {
			isa = PBXGroup;
			children = (
				FFB717F820C5BFBA00AD5645 /* Main.storyboard */,
			);
			path = Views;
			sourceTree = "<group>";
		};
		FFB7181D20C6E77300AD5645 /* Model */ = {
			isa = PBXGroup;
			children = (
				FFB7181F20C725E000AD5645 /* RecycleCenter.swift */,
			);
			path = Model;
			sourceTree = "<group>";
		};
		FFB7181E20C6E78100AD5645 /* Model Controller */ = {
			isa = PBXGroup;
			children = (
				FFB7182120C73C0700AD5645 /* RecycleCenterMoCo.swift */,
			);
			path = "Model Controller";
			sourceTree = "<group>";
		};
/* End PBXGroup section */

/* Begin PBXNativeTarget section */
		FFB717F020C5BFB900AD5645 /* UpCycle */ = {
			isa = PBXNativeTarget;
			buildConfigurationList = FFB7180320C5BFBB00AD5645 /* Build configuration list for PBXNativeTarget "UpCycle" */;
			buildPhases = (
				FFB717ED20C5BFB900AD5645 /* Sources */,
				FFB717EE20C5BFB900AD5645 /* Frameworks */,
				FFB717EF20C5BFB900AD5645 /* Resources */,
			);
			buildRules = (
			);
			dependencies = (
			);
			name = UpCycle;
			productName = UpCycle;
			productReference = FFB717F120C5BFB900AD5645 /* UpCycle.app */;
			productType = "com.apple.product-type.application";
		};
/* End PBXNativeTarget section */

/* Begin PBXProject section */
		FFB717E920C5BFB900AD5645 /* Project object */ = {
			isa = PBXProject;
			attributes = {
				LastSwiftUpdateCheck = 0930;
				LastUpgradeCheck = 0930;
				ORGANIZATIONNAME = "Kim Lundquist";
				TargetAttributes = {
					FFB717F020C5BFB900AD5645 = {
						CreatedOnToolsVersion = 9.3.1;
					};
				};
			};
			buildConfigurationList = FFB717EC20C5BFB900AD5645 /* Build configuration list for PBXProject "UpCycle" */;
			compatibilityVersion = "Xcode 9.3";
			developmentRegion = en;
			hasScannedForEncodings = 0;
			knownRegions = (
				en,
				Base,
			);
			mainGroup = FFB717E820C5BFB900AD5645;
			productRefGroup = FFB717F220C5BFB900AD5645 /* Products */;
			projectDirPath = "";
			projectRoot = "";
			targets = (
				FFB717F020C5BFB900AD5645 /* UpCycle */,
			);
		};
/* End PBXProject section */

/* Begin PBXResourcesBuildPhase section */
		FFB717EF20C5BFB900AD5645 /* Resources */ = {
			isa = PBXResourcesBuildPhase;
			buildActionMask = 2147483647;
			files = (
				FFB717FF20C5BFBB00AD5645 /* LaunchScreen.storyboard in Resources */,
				FFB717FC20C5BFBB00AD5645 /* Assets.xcassets in Resources */,
				FFB717FA20C5BFBA00AD5645 /* Main.storyboard in Resources */,
			);
			runOnlyForDeploymentPostprocessing = 0;
		};
/* End PBXResourcesBuildPhase section */

/* Begin PBXSourcesBuildPhase section */
		FFB717ED20C5BFB900AD5645 /* Sources */ = {
			isa = PBXSourcesBuildPhase;
			buildActionMask = 2147483647;
			files = (
				FFB7182220C73C0700AD5645 /* RecycleCenterMoCo.swift in Sources */,
				FFB7180920C5D1D500AD5645 /* RecycleViewController.swift in Sources */,
				FFB7180B20C5D1E600AD5645 /* ShopViewController.swift in Sources */,
				FFB7182020C725E000AD5645 /* RecycleCenter.swift in Sources */,
				FFB7180F20C5D21300AD5645 /* ViewProjectViewController.swift in Sources */,
				FFB7181520C5D25300AD5645 /* PostViewController.swift in Sources */,
				FFB7181C20C5DBB000AD5645 /* UserAgreementViewController.swift in Sources */,
				FFB7181120C5D22400AD5645 /* LoginViewController.swift in Sources */,
				FFB7181A20C5D2DF00AD5645 /* HomeViewController.swift in Sources */,
				FFB7180D20C5D1FF00AD5645 /* ReuseViewController.swift in Sources */,
				FFB7181320C5D23C00AD5645 /* SignUpViewController.swift in Sources */,
				FFB7180720C5D1A700AD5645 /* MapViewController.swift in Sources */,
				FFB717F520C5BFBA00AD5645 /* AppDelegate.swift in Sources */,
			);
			runOnlyForDeploymentPostprocessing = 0;
		};
/* End PBXSourcesBuildPhase section */

/* Begin PBXVariantGroup section */
		FFB717F820C5BFBA00AD5645 /* Main.storyboard */ = {
			isa = PBXVariantGroup;
			children = (
				FFB717F920C5BFBA00AD5645 /* Base */,
			);
			name = Main.storyboard;
			sourceTree = "<group>";
		};
		FFB717FD20C5BFBB00AD5645 /* LaunchScreen.storyboard */ = {
			isa = PBXVariantGroup;
			children = (
				FFB717FE20C5BFBB00AD5645 /* Base */,
			);
			name = LaunchScreen.storyboard;
			sourceTree = "<group>";
		};
/* End PBXVariantGroup section */

/* Begin XCBuildConfiguration section */
		FFB7180120C5BFBB00AD5645 /* Debug */ = {
			isa = XCBuildConfiguration;
			buildSettings = {
				ALWAYS_SEARCH_USER_PATHS = NO;
				CLANG_ANALYZER_NONNULL = YES;
				CLANG_ANALYZER_NUMBER_OBJECT_CONVERSION = YES_AGGRESSIVE;
				CLANG_CXX_LANGUAGE_STANDARD = "gnu++14";
				CLANG_CXX_LIBRARY = "libc++";
				CLANG_ENABLE_MODULES = YES;
				CLANG_ENABLE_OBJC_ARC = YES;
				CLANG_ENABLE_OBJC_WEAK = YES;
				CLANG_WARN_BLOCK_CAPTURE_AUTORELEASING = YES;
				CLANG_WARN_BOOL_CONVERSION = YES;
				CLANG_WARN_COMMA = YES;
				CLANG_WARN_CONSTANT_CONVERSION = YES;
				CLANG_WARN_DEPRECATED_OBJC_IMPLEMENTATIONS = YES;
				CLANG_WARN_DIRECT_OBJC_ISA_USAGE = YES_ERROR;
				CLANG_WARN_DOCUMENTATION_COMMENTS = YES;
				CLANG_WARN_EMPTY_BODY = YES;
				CLANG_WARN_ENUM_CONVERSION = YES;
				CLANG_WARN_INFINITE_RECURSION = YES;
				CLANG_WARN_INT_CONVERSION = YES;
				CLANG_WARN_NON_LITERAL_NULL_CONVERSION = YES;
				CLANG_WARN_OBJC_IMPLICIT_RETAIN_SELF = YES;
				CLANG_WARN_OBJC_LITERAL_CONVERSION = YES;
				CLANG_WARN_OBJC_ROOT_CLASS = YES_ERROR;
				CLANG_WARN_RANGE_LOOP_ANALYSIS = YES;
				CLANG_WARN_STRICT_PROTOTYPES = YES;
				CLANG_WARN_SUSPICIOUS_MOVE = YES;
				CLANG_WARN_UNGUARDED_AVAILABILITY = YES_AGGRESSIVE;
				CLANG_WARN_UNREACHABLE_CODE = YES;
				CLANG_WARN__DUPLICATE_METHOD_MATCH = YES;
				CODE_SIGN_IDENTITY = "iPhone Developer";
				COPY_PHASE_STRIP = NO;
				DEBUG_INFORMATION_FORMAT = dwarf;
				ENABLE_STRICT_OBJC_MSGSEND = YES;
				ENABLE_TESTABILITY = YES;
				GCC_C_LANGUAGE_STANDARD = gnu11;
				GCC_DYNAMIC_NO_PIC = NO;
				GCC_NO_COMMON_BLOCKS = YES;
				GCC_OPTIMIZATION_LEVEL = 0;
				GCC_PREPROCESSOR_DEFINITIONS = (
					"DEBUG=1",
					"$(inherited)",
				);
				GCC_WARN_64_TO_32_BIT_CONVERSION = YES;
				GCC_WARN_ABOUT_RETURN_TYPE = YES_ERROR;
				GCC_WARN_UNDECLARED_SELECTOR = YES;
				GCC_WARN_UNINITIALIZED_AUTOS = YES_AGGRESSIVE;
				GCC_WARN_UNUSED_FUNCTION = YES;
				GCC_WARN_UNUSED_VARIABLE = YES;
				IPHONEOS_DEPLOYMENT_TARGET = 11.3;
				MTL_ENABLE_DEBUG_INFO = YES;
				ONLY_ACTIVE_ARCH = YES;
				SDKROOT = iphoneos;
				SWIFT_ACTIVE_COMPILATION_CONDITIONS = DEBUG;
				SWIFT_OPTIMIZATION_LEVEL = "-Onone";
			};
			name = Debug;
		};
		FFB7180220C5BFBB00AD5645 /* Release */ = {
			isa = XCBuildConfiguration;
			buildSettings = {
				ALWAYS_SEARCH_USER_PATHS = NO;
				CLANG_ANALYZER_NONNULL = YES;
				CLANG_ANALYZER_NUMBER_OBJECT_CONVERSION = YES_AGGRESSIVE;
				CLANG_CXX_LANGUAGE_STANDARD = "gnu++14";
				CLANG_CXX_LIBRARY = "libc++";
				CLANG_ENABLE_MODULES = YES;
				CLANG_ENABLE_OBJC_ARC = YES;
				CLANG_ENABLE_OBJC_WEAK = YES;
				CLANG_WARN_BLOCK_CAPTURE_AUTORELEASING = YES;
				CLANG_WARN_BOOL_CONVERSION = YES;
				CLANG_WARN_COMMA = YES;
				CLANG_WARN_CONSTANT_CONVERSION = YES;
				CLANG_WARN_DEPRECATED_OBJC_IMPLEMENTATIONS = YES;
				CLANG_WARN_DIRECT_OBJC_ISA_USAGE = YES_ERROR;
				CLANG_WARN_DOCUMENTATION_COMMENTS = YES;
				CLANG_WARN_EMPTY_BODY = YES;
				CLANG_WARN_ENUM_CONVERSION = YES;
				CLANG_WARN_INFINITE_RECURSION = YES;
				CLANG_WARN_INT_CONVERSION = YES;
				CLANG_WARN_NON_LITERAL_NULL_CONVERSION = YES;
				CLANG_WARN_OBJC_IMPLICIT_RETAIN_SELF = YES;
				CLANG_WARN_OBJC_LITERAL_CONVERSION = YES;
				CLANG_WARN_OBJC_ROOT_CLASS = YES_ERROR;
				CLANG_WARN_RANGE_LOOP_ANALYSIS = YES;
				CLANG_WARN_STRICT_PROTOTYPES = YES;
				CLANG_WARN_SUSPICIOUS_MOVE = YES;
				CLANG_WARN_UNGUARDED_AVAILABILITY = YES_AGGRESSIVE;
				CLANG_WARN_UNREACHABLE_CODE = YES;
				CLANG_WARN__DUPLICATE_METHOD_MATCH = YES;
				CODE_SIGN_IDENTITY = "iPhone Developer";
				COPY_PHASE_STRIP = NO;
				DEBUG_INFORMATION_FORMAT = "dwarf-with-dsym";
				ENABLE_NS_ASSERTIONS = NO;
				ENABLE_STRICT_OBJC_MSGSEND = YES;
				GCC_C_LANGUAGE_STANDARD = gnu11;
				GCC_NO_COMMON_BLOCKS = YES;
				GCC_WARN_64_TO_32_BIT_CONVERSION = YES;
				GCC_WARN_ABOUT_RETURN_TYPE = YES_ERROR;
				GCC_WARN_UNDECLARED_SELECTOR = YES;
				GCC_WARN_UNINITIALIZED_AUTOS = YES_AGGRESSIVE;
				GCC_WARN_UNUSED_FUNCTION = YES;
				GCC_WARN_UNUSED_VARIABLE = YES;
				IPHONEOS_DEPLOYMENT_TARGET = 11.3;
				MTL_ENABLE_DEBUG_INFO = NO;
				SDKROOT = iphoneos;
				SWIFT_COMPILATION_MODE = wholemodule;
				SWIFT_OPTIMIZATION_LEVEL = "-O";
				VALIDATE_PRODUCT = YES;
			};
			name = Release;
		};
		FFB7180420C5BFBB00AD5645 /* Debug */ = {
			isa = XCBuildConfiguration;
			buildSettings = {
				ASSETCATALOG_COMPILER_APPICON_NAME = AppIcon;
				CODE_SIGN_STYLE = Automatic;
				DEVELOPMENT_TEAM = A6SH4SB8PT;
				INFOPLIST_FILE = "$(SRCROOT)/UpCycle/Resources/Info.plist";
				LD_RUNPATH_SEARCH_PATHS = (
					"$(inherited)",
					"@executable_path/Frameworks",
				);
				PRODUCT_BUNDLE_IDENTIFIER = com.KimLundquist.UpCycle;
				PRODUCT_NAME = "$(TARGET_NAME)";
				SWIFT_VERSION = 4.0;
				TARGETED_DEVICE_FAMILY = "1,2";
			};
			name = Debug;
		};
		FFB7180520C5BFBB00AD5645 /* Release */ = {
			isa = XCBuildConfiguration;
			buildSettings = {
				ASSETCATALOG_COMPILER_APPICON_NAME = AppIcon;
				CODE_SIGN_STYLE = Automatic;
				DEVELOPMENT_TEAM = A6SH4SB8PT;
				INFOPLIST_FILE = "$(SRCROOT)/UpCycle/Resources/Info.plist";
				LD_RUNPATH_SEARCH_PATHS = (
					"$(inherited)",
					"@executable_path/Frameworks",
				);
				PRODUCT_BUNDLE_IDENTIFIER = com.KimLundquist.UpCycle;
				PRODUCT_NAME = "$(TARGET_NAME)";
				SWIFT_VERSION = 4.0;
				TARGETED_DEVICE_FAMILY = "1,2";
			};
			name = Release;
		};
/* End XCBuildConfiguration section */

/* Begin XCConfigurationList section */
		FFB717EC20C5BFB900AD5645 /* Build configuration list for PBXProject "UpCycle" */ = {
			isa = XCConfigurationList;
			buildConfigurations = (
				FFB7180120C5BFBB00AD5645 /* Debug */,
				FFB7180220C5BFBB00AD5645 /* Release */,
			);
			defaultConfigurationIsVisible = 0;
			defaultConfigurationName = Release;
		};
		FFB7180320C5BFBB00AD5645 /* Build configuration list for PBXNativeTarget "UpCycle" */ = {
			isa = XCConfigurationList;
			buildConfigurations = (
				FFB7180420C5BFBB00AD5645 /* Debug */,
				FFB7180520C5BFBB00AD5645 /* Release */,
			);
			defaultConfigurationIsVisible = 0;
			defaultConfigurationName = Release;
		};
/* End XCConfigurationList section */
	};
	rootObject = FFB717E920C5BFB900AD5645 /* Project object */;
}
